
Microsoft Visual Studio Solution File, Format Version 12.00
# Visual Studio Version 17
VisualStudioVersion = 17.0.31903.59
MinimumVisualStudioVersion = 10.0.40219.1
Project("{9A19103F-16F7-4668-BE54-9A1E7A4F7556}") = "SportsStore", "SportsStore\SportsStore.csproj", "{05130A96-302D-41DE-8764-A882C1FD84D1}"
EndProject
Project("{9A19103F-16F7-4668-BE54-9A1E7A4F7556}") = "SportsStore.Tests", "SportsStore.Tests\SportsStore.Tests.csproj", "{FC337779-B745-4ADC-8571-0A844AAE687A}"
EndProject
Global
	GlobalSection(SolutionConfigurationPlatforms) = preSolution
		Debug|Any CPU = Debug|Any CPU
		Release|Any CPU = Release|Any CPU
	EndGlobalSection
	GlobalSection(ProjectConfigurationPlatforms) = postSolution
		{05130A96-302D-41DE-8764-A882C1FD84D1}.Debug|Any CPU.ActiveCfg = Debug|Any CPU
		{05130A96-302D-41DE-8764-A882C1FD84D1}.Debug|Any CPU.Build.0 = Debug|Any CPU
		{05130A96-302D-41DE-8764-A882C1FD84D1}.Release|Any CPU.ActiveCfg = Release|Any CPU
		{05130A96-302D-41DE-8764-A882C1FD84D1}.Release|Any CPU.Build.0 = Release|Any CPU
		{FC337779-B745-4ADC-8571-0A844AAE687A}.Debug|Any CPU.ActiveCfg = Debug|Any CPU
		{FC337779-B745-4ADC-8571-0A844AAE687A}.Debug|Any CPU.Build.0 = Debug|Any CPU
		{FC337779-B745-4ADC-8571-0A844AAE687A}.Release|Any CPU.ActiveCfg = Release|Any CPU
		{FC337779-B745-4ADC-8571-0A844AAE687A}.Release|Any CPU.Build.0 = Release|Any CPU
	EndGlobalSection
	GlobalSection(SolutionProperties) = preSolution
		HideSolutionNode = FALSE
	EndGlobalSection
	GlobalSection(ExtensibilityGlobals) = postSolution
		SolutionGuid = {6507A036-DA7A-4B1C-9E83-AFF88A2AF230}
	EndGlobalSection
EndGlobal
